
Microsoft Visual Studio Solution File, Format Version 12.00
# Visual Studio 15
VisualStudioVersion = 15.0.27703.2035
MinimumVisualStudioVersion = 10.0.40219.1
Project("{FAE04EC0-301F-11D3-BF4B-00C04F79EFBC}") = "jslt.net", "jslt.net\jslt.net.csproj", "{EA27D980-B298-4832-868C-79C8032EF25E}"
EndProject
Project("{F2A71F9B-5D33-465A-A702-920D77279786}") = "jslt.net.ast", "jslt.net.ast\jslt.net.ast.fsproj", "{6F5D6201-1362-4E39-9A8A-A83963C3AFC1}"
EndProject
Project("{2150E333-8FDC-42A3-9474-1A3956D46DE8}") = "Solution Items", "Solution Items", "{06293F18-A6AA-481E-85BE-0D943880D669}"
	ProjectSection(SolutionItems) = preProject
		..\docs\jslt.ebnf = ..\docs\jslt.ebnf
	EndProjectSection
EndProject
Global
	GlobalSection(SolutionConfigurationPlatforms) = preSolution
		Debug|Any CPU = Debug|Any CPU
		Release|Any CPU = Release|Any CPU
	EndGlobalSection
	GlobalSection(ProjectConfigurationPlatforms) = postSolution
		{EA27D980-B298-4832-868C-79C8032EF25E}.Debug|Any CPU.ActiveCfg = Debug|Any CPU
		{EA27D980-B298-4832-868C-79C8032EF25E}.Debug|Any CPU.Build.0 = Debug|Any CPU
		{EA27D980-B298-4832-868C-79C8032EF25E}.Release|Any CPU.ActiveCfg = Release|Any CPU
		{EA27D980-B298-4832-868C-79C8032EF25E}.Release|Any CPU.Build.0 = Release|Any CPU
		{6F5D6201-1362-4E39-9A8A-A83963C3AFC1}.Debug|Any CPU.ActiveCfg = Debug|Any CPU
		{6F5D6201-1362-4E39-9A8A-A83963C3AFC1}.Debug|Any CPU.Build.0 = Debug|Any CPU
		{6F5D6201-1362-4E39-9A8A-A83963C3AFC1}.Release|Any CPU.ActiveCfg = Release|Any CPU
		{6F5D6201-1362-4E39-9A8A-A83963C3AFC1}.Release|Any CPU.Build.0 = Release|Any CPU
	EndGlobalSection
	GlobalSection(SolutionProperties) = preSolution
		HideSolutionNode = FALSE
	EndGlobalSection
	GlobalSection(ExtensibilityGlobals) = postSolution
		SolutionGuid = {504341EC-76A2-4ADD-940F-03D25487393E}
	EndGlobalSection
EndGlobal
